{
  "name": "ajs2",
  "version": "1.0.0",
  "lockfileVersion": 2,
  "requires": true,
  "packages": {
    "": {
      "name": "ajs2",
      "version": "1.0.0",
      "license": "ISC",
      "dependencies": {
        "@margaritaiko/ajs3-platforms": "^1.0.0"
      }
    },
    "node_modules/@margaritaiko/ajs3-platforms": {
      "version": "1.0.0",
      "resolved": "https://npm.pkg.github.com/download/@margaritaiko/ajs3-platforms/1.0.0/c88d8928985fe4442b1b3b611fa06c030cc45dad",
      "integrity": "sha512-7qVmTGYuicxbKIEjpnD31O8WLdQUK8V/iT1Wor1vrWO4O4oP7ordJ8PL2xvorJxlQOnSLteXb1s9Z8xQSdP3YQ==",
      "license": "ISC"
    }
  },
  "dependencies": {
    "@margaritaiko/ajs3-platforms": {
      "version": "1.0.0",
      "resolved": "https://npm.pkg.github.com/download/@margaritaiko/ajs3-platforms/1.0.0/c88d8928985fe4442b1b3b611fa06c030cc45dad",
      "integrity": "sha512-7qVmTGYuicxbKIEjpnD31O8WLdQUK8V/iT1Wor1vrWO4O4oP7ordJ8PL2xvorJxlQOnSLteXb1s9Z8xQSdP3YQ=="
    }
  }
}
